
Microsoft Visual Studio Solution File, Format Version 12.00
# Visual Studio 2013
VisualStudioVersion = 12.0.31101.0
MinimumVisualStudioVersion = 10.0.40219.1
Project("{FAE04EC0-301F-11D3-BF4B-00C04F79EFBC}") = "Z.EntityFramework.Extensions.Demos.MySql", "src\Z.EntityFramework.Extensions.Demos.MySql\Z.EntityFramework.Extensions.Demos.MySql.csproj", "{56A6860B-AC37-4FBC-86B7-B9ED566845BE}"
EndProject
Project("{FAE04EC0-301F-11D3-BF4B-00C04F79EFBC}") = "Z.EntityFramework.Extensions.Demos.SqlServer", "src\Z.EntityFramework.Extensions.Demos.SqlServer\Z.EntityFramework.Extensions.Demos.SqlServer.csproj", "{BB6DCBB3-8725-4BAF-9366-E0B992DB276D}"
EndProject
Global
	GlobalSection(SolutionConfigurationPlatforms) = preSolution
		Debug SQL_NET20|Any CPU = Debug SQL_NET20|Any CPU
		Debug|Any CPU = Debug|Any CPU
		MYSQL|Any CPU = MYSQL|Any CPU
		Release|Any CPU = Release|Any CPU
		SQLCE|Any CPU = SQLCE|Any CPU
	EndGlobalSection
	GlobalSection(ProjectConfigurationPlatforms) = postSolution
		{56A6860B-AC37-4FBC-86B7-B9ED566845BE}.Debug SQL_NET20|Any CPU.ActiveCfg = Debug|Any CPU
		{56A6860B-AC37-4FBC-86B7-B9ED566845BE}.Debug SQL_NET20|Any CPU.Build.0 = Debug|Any CPU
		{56A6860B-AC37-4FBC-86B7-B9ED566845BE}.Debug|Any CPU.ActiveCfg = Debug|Any CPU
		{56A6860B-AC37-4FBC-86B7-B9ED566845BE}.Debug|Any CPU.Build.0 = Debug|Any CPU
		{56A6860B-AC37-4FBC-86B7-B9ED566845BE}.MYSQL|Any CPU.ActiveCfg = Release|Any CPU
		{56A6860B-AC37-4FBC-86B7-B9ED566845BE}.MYSQL|Any CPU.Build.0 = Release|Any CPU
		{56A6860B-AC37-4FBC-86B7-B9ED566845BE}.Release|Any CPU.ActiveCfg = Release|Any CPU
		{56A6860B-AC37-4FBC-86B7-B9ED566845BE}.Release|Any CPU.Build.0 = Release|Any CPU
		{56A6860B-AC37-4FBC-86B7-B9ED566845BE}.SQLCE|Any CPU.ActiveCfg = Release|Any CPU
		{56A6860B-AC37-4FBC-86B7-B9ED566845BE}.SQLCE|Any CPU.Build.0 = Release|Any CPU
		{BB6DCBB3-8725-4BAF-9366-E0B992DB276D}.Debug SQL_NET20|Any CPU.ActiveCfg = Debug|Any CPU
		{BB6DCBB3-8725-4BAF-9366-E0B992DB276D}.Debug SQL_NET20|Any CPU.Build.0 = Debug|Any CPU
		{BB6DCBB3-8725-4BAF-9366-E0B992DB276D}.Debug|Any CPU.ActiveCfg = Debug|Any CPU
		{BB6DCBB3-8725-4BAF-9366-E0B992DB276D}.Debug|Any CPU.Build.0 = Debug|Any CPU
		{BB6DCBB3-8725-4BAF-9366-E0B992DB276D}.MYSQL|Any CPU.ActiveCfg = Release|Any CPU
		{BB6DCBB3-8725-4BAF-9366-E0B992DB276D}.MYSQL|Any CPU.Build.0 = Release|Any CPU
		{BB6DCBB3-8725-4BAF-9366-E0B992DB276D}.Release|Any CPU.ActiveCfg = Release|Any CPU
		{BB6DCBB3-8725-4BAF-9366-E0B992DB276D}.Release|Any CPU.Build.0 = Release|Any CPU
		{BB6DCBB3-8725-4BAF-9366-E0B992DB276D}.SQLCE|Any CPU.ActiveCfg = Release|Any CPU
		{BB6DCBB3-8725-4BAF-9366-E0B992DB276D}.SQLCE|Any CPU.Build.0 = Release|Any CPU
	EndGlobalSection
	GlobalSection(SolutionProperties) = preSolution
		HideSolutionNode = FALSE
	EndGlobalSection
EndGlobal
